PODS:
  - Capacitor (7.0.1):
    - CapacitorCordova
  - CapacitorApp (7.0.0):
    - Capacitor
  - CapacitorCordova (7.0.1)
  - CapacitorDialog (7.0.0):
    - Capacitor
  - CapacitorFilesystem (7.0.0):
    - Capacitor
  - CapacitorKeyboard (7.0.0):
    - Capacitor
  - CapacitorNetwork (7.0.0):
    - Capacitor
  - CapacitorPreferences (7.0.0):
    - Capacitor
  - CapacitorScreenOrientation (7.0.0):
    - Capacitor
  - CapacitorShare (7.0.0):
    - Capacitor
  - CapacitorToast (7.0.0):
    - Capacitor
  - CapawesomeCapacitorPosthog (7.1.0):
    - Capacitor
    - PostHog (~> 3.19.1)
  - PostHog (3.19.9)

DEPENDENCIES:
  - "Capacitor (from `../../node_modules/@capacitor/ios`)"
  - "CapacitorApp (from `../../node_modules/@capacitor/app`)"
  - "CapacitorCordova (from `../../node_modules/@capacitor/ios`)"
  - "CapacitorDialog (from `../../node_modules/@capacitor/dialog`)"
  - "CapacitorFilesystem (from `../../node_modules/@capacitor/filesystem`)"
  - "CapacitorKeyboard (from `../../node_modules/@capacitor/keyboard`)"
  - "CapacitorNetwork (from `../../node_modules/@capacitor/network`)"
  - "CapacitorPreferences (from `../../node_modules/@capacitor/preferences`)"
  - "CapacitorScreenOrientation (from `../../node_modules/@capacitor/screen-orientation`)"
  - "CapacitorShare (from `../../node_modules/@capacitor/share`)"
  - "CapacitorToast (from `../../node_modules/@capacitor/toast`)"
  - "CapawesomeCapacitorPosthog (from `../../node_modules/@capawesome/capacitor-posthog`)"

SPEC REPOS:
  trunk:
    - PostHog

EXTERNAL SOURCES:
  Capacitor:
    :path: "../../node_modules/@capacitor/ios"
  CapacitorApp:
    :path: "../../node_modules/@capacitor/app"
  CapacitorCordova:
    :path: "../../node_modules/@capacitor/ios"
  CapacitorDialog:
    :path: "../../node_modules/@capacitor/dialog"
  CapacitorFilesystem:
    :path: "../../node_modules/@capacitor/filesystem"
  CapacitorKeyboard:
    :path: "../../node_modules/@capacitor/keyboard"
  CapacitorNetwork:
    :path: "../../node_modules/@capacitor/network"
  CapacitorPreferences:
    :path: "../../node_modules/@capacitor/preferences"
  CapacitorScreenOrientation:
    :path: "../../node_modules/@capacitor/screen-orientation"
  CapacitorShare:
    :path: "../../node_modules/@capacitor/share"
  CapacitorToast:
    :path: "../../node_modules/@capacitor/toast"
  CapawesomeCapacitorPosthog:
    :path: "../../node_modules/@capawesome/capacitor-posthog"

SPEC CHECKSUMS:
  Capacitor: 23fff43571a4d1e3ee7d67b5a3588c6e757c2913
  CapacitorApp: 45cb7cbef4aa380b9236fd6980033eb5cde6fcd2
  CapacitorCordova: 63d476958d5022d76f197031e8b7ea3519988c64
  CapacitorDialog: 0c8fcf2de9464df5f28c070c02d5aa0dfd80047a
  CapacitorFilesystem: 2881ad012b5c8d0ffbfed1216aadfc2cca16d5b5
  CapacitorKeyboard: 2c26c6fccde35023c579fc37d4cae6326d5e6343
  CapacitorNetwork: cd17b98182841055ff58629213242a1f22f4a76b
  CapacitorPreferences: e24a50a936f0e4f54a6b43be6121f923b4d91c27
  CapacitorScreenOrientation: 4b2778087f4b4b138705cdabe431de0829116974
  CapacitorShare: 2fcf1758cd07e0558f6aed40d7437bf8a3a42297
  CapacitorToast: f400a9ac64a8864dc9d47b50e9bbb050db270eb9
  CapawesomeCapacitorPosthog: 0b45d854823d7e6ab024baeb32349e59a7cf4797
  PostHog: 49247855f4cfdc1d2750b4247e6f6c0ff921e142

PODFILE CHECKSUM: c866822b0af13cade9c4245480ba41c64ff3cc1c

COCOAPODS: 1.16.2
