PODS:
  - Capacitor (5.0.3):
    - CapacitorCordova
  - CapacitorApp (5.0.2):
    - Capacitor
  - CapacitorCordova (5.0.3)
  - CapacitorPreferences (5.0.2):
    - Capacitor
  - CapacitorToast (5.0.2):
    - Capacitor

DEPENDENCIES:
  - "Capacitor (from `../../node_modules/@capacitor/ios`)"
  - "CapacitorApp (from `../../node_modules/@capacitor/app`)"
  - "CapacitorCordova (from `../../node_modules/@capacitor/ios`)"
  - "CapacitorPreferences (from `../../node_modules/@capacitor/preferences`)"
  - "CapacitorToast (from `../../node_modules/@capacitor/toast`)"

EXTERNAL SOURCES:
  Capacitor:
    :path: "../../node_modules/@capacitor/ios"
  CapacitorApp:
    :path: "../../node_modules/@capacitor/app"
  CapacitorCordova:
    :path: "../../node_modules/@capacitor/ios"
  CapacitorPreferences:
    :path: "../../node_modules/@capacitor/preferences"
  CapacitorToast:
    :path: "../../node_modules/@capacitor/toast"

SPEC CHECKSUMS:
  Capacitor: 304a960e431f9e6f78556554ca71c41c1b2b9680
  CapacitorApp: 28fef1fd75b2b3686e875216806fb8416d421097
  CapacitorCordova: def732a63679698df6fb392bbe6d269a0b61e937
  CapacitorPreferences: 0ad8838944f900284900d9647d9b0145c89ca27d
  CapacitorToast: d785c9169585b9267b8392094298de7cb0eaa16e

PODFILE CHECKSUM: 37e0a063ba91a475b3793c9f38827ea74a12facd

COCOAPODS: 1.12.1
